// !$*UTF8*$!
{
	archiveVersion = 1;
	classes = {
	};
	objectVersion = 46;
	objects = {

/* Begin PBXBuildFile section */
		CB11259A1EC6BD8C00D6DFA3 /* DetailViewController.swift in Sources */ = {isa = PBXBuildFile; fileRef = CB1125991EC6BD8C00D6DFA3 /* DetailViewController.swift */; };
		CB11259C1EC6C68800D6DFA3 /* DetailData.swift in Sources */ = {isa = PBXBuildFile; fileRef = CB11259B1EC6C68800D6DFA3 /* DetailData.swift */; };
		CB11259E1EC6D09300D6DFA3 /* Podfile in Resources */ = {isa = PBXBuildFile; fileRef = CB11259D1EC6D09300D6DFA3 /* Podfile */; };
		CB3517371EC5A5CD00156CE1 /* AppDelegate.swift in Sources */ = {isa = PBXBuildFile; fileRef = CB3517361EC5A5CD00156CE1 /* AppDelegate.swift */; };
		CB3517391EC5A5CD00156CE1 /* ViewController.swift in Sources */ = {isa = PBXBuildFile; fileRef = CB3517381EC5A5CD00156CE1 /* ViewController.swift */; };
		CB35173C1EC5A5CD00156CE1 /* Main.storyboard in Resources */ = {isa = PBXBuildFile; fileRef = CB35173A1EC5A5CD00156CE1 /* Main.storyboard */; };
		CB35173E1EC5A5CD00156CE1 /* Assets.xcassets in Resources */ = {isa = PBXBuildFile; fileRef = CB35173D1EC5A5CD00156CE1 /* Assets.xcassets */; };
		CB3517411EC5A5CD00156CE1 /* LaunchScreen.storyboard in Resources */ = {isa = PBXBuildFile; fileRef = CB35173F1EC5A5CD00156CE1 /* LaunchScreen.storyboard */; };
/* End PBXBuildFile section */

/* Begin PBXFileReference section */
		CB1125991EC6BD8C00D6DFA3 /* DetailViewController.swift */ = {isa = PBXFileReference; fileEncoding = 4; lastKnownFileType = sourcecode.swift; path = DetailViewController.swift; sourceTree = "<group>"; };
		CB11259B1EC6C68800D6DFA3 /* DetailData.swift */ = {isa = PBXFileReference; fileEncoding = 4; lastKnownFileType = sourcecode.swift; path = DetailData.swift; sourceTree = "<group>"; };
		CB11259D1EC6D09300D6DFA3 /* Podfile */ = {isa = PBXFileReference; fileEncoding = 4; lastKnownFileType = text; path = Podfile; sourceTree = "<group>"; };
		CB3517331EC5A5CD00156CE1 /* EmojiDictionary.app */ = {isa = PBXFileReference; explicitFileType = wrapper.application; includeInIndex = 0; path = EmojiDictionary.app; sourceTree = BUILT_PRODUCTS_DIR; };
		CB3517361EC5A5CD00156CE1 /* AppDelegate.swift */ = {isa = PBXFileReference; lastKnownFileType = sourcecode.swift; path = AppDelegate.swift; sourceTree = "<group>"; };
		CB3517381EC5A5CD00156CE1 /* ViewController.swift */ = {isa = PBXFileReference; lastKnownFileType = sourcecode.swift; path = ViewController.swift; sourceTree = "<group>"; };
		CB35173B1EC5A5CD00156CE1 /* Base */ = {isa = PBXFileReference; lastKnownFileType = file.storyboard; name = Base; path = Base.lproj/Main.storyboard; sourceTree = "<group>"; };
		CB35173D1EC5A5CD00156CE1 /* Assets.xcassets */ = {isa = PBXFileReference; lastKnownFileType = folder.assetcatalog; path = Assets.xcassets; sourceTree = "<group>"; };
		CB3517401EC5A5CD00156CE1 /* Base */ = {isa = PBXFileReference; lastKnownFileType = file.storyboard; name = Base; path = Base.lproj/LaunchScreen.storyboard; sourceTree = "<group>"; };
		CB3517421EC5A5CD00156CE1 /* Info.plist */ = {isa = PBXFileReference; lastKnownFileType = text.plist.xml; path = Info.plist; sourceTree = "<group>"; };
/* End PBXFileReference section */

/* Begin PBXFrameworksBuildPhase section */
		CB3517301EC5A5CD00156CE1 /* Frameworks */ = {
			isa = PBXFrameworksBuildPhase;
			buildActionMask = 2147483647;
			files = (
			);
			runOnlyForDeploymentPostprocessing = 0;
		};
/* End PBXFrameworksBuildPhase section */

/* Begin PBXGroup section */
		CB35172A1EC5A5CD00156CE1 = {
			isa = PBXGroup;
			children = (
				CB3517351EC5A5CD00156CE1 /* EmojiDictionary */,
				CB3517341EC5A5CD00156CE1 /* Products */,
			);
			sourceTree = "<group>";
		};
		CB3517341EC5A5CD00156CE1 /* Products */ = {
			isa = PBXGroup;
			children = (
				CB3517331EC5A5CD00156CE1 /* EmojiDictionary.app */,
			);
			name = Products;
			sourceTree = "<group>";
		};
		CB3517351EC5A5CD00156CE1 /* EmojiDictionary */ = {
			isa = PBXGroup;
			children = (
				CB3517361EC5A5CD00156CE1 /* AppDelegate.swift */,
				CB3517381EC5A5CD00156CE1 /* ViewController.swift */,
				CB35173A1EC5A5CD00156CE1 /* Main.storyboard */,
				CB35173D1EC5A5CD00156CE1 /* Assets.xcassets */,
				CB35173F1EC5A5CD00156CE1 /* LaunchScreen.storyboard */,
				CB3517421EC5A5CD00156CE1 /* Info.plist */,
				CB1125991EC6BD8C00D6DFA3 /* DetailViewController.swift */,
				CB11259B1EC6C68800D6DFA3 /* DetailData.swift */,
				CB11259D1EC6D09300D6DFA3 /* Podfile */,
			);
			path = EmojiDictionary;
			sourceTree = "<group>";
		};
/* End PBXGroup section */

/* Begin PBXNativeTarget section */
		CB3517321EC5A5CD00156CE1 /* EmojiDictionary */ = {
			isa = PBXNativeTarget;
			buildConfigurationList = CB3517451EC5A5CD00156CE1 /* Build configuration list for PBXNativeTarget "EmojiDictionary" */;
			buildPhases = (
				CB35172F1EC5A5CD00156CE1 /* Sources */,
				CB3517301EC5A5CD00156CE1 /* Frameworks */,
				CB3517311EC5A5CD00156CE1 /* Resources */,
			);
			buildRules = (
			);
			dependencies = (
			);
			name = EmojiDictionary;
			productName = EmojiDictionary;
			productReference = CB3517331EC5A5CD00156CE1 /* EmojiDictionary.app */;
			productType = "com.apple.product-type.application";
		};
/* End PBXNativeTarget section */

/* Begin PBXProject section */
		CB35172B1EC5A5CD00156CE1 /* Project object */ = {
			isa = PBXProject;
			attributes = {
				LastSwiftUpdateCheck = 0830;
				LastUpgradeCheck = 0830;
				ORGANIZATIONNAME = "crypticmantra pte ltd";
				TargetAttributes = {
					CB3517321EC5A5CD00156CE1 = {
						CreatedOnToolsVersion = 8.3.2;
						DevelopmentTeam = 78VK42F68Q;
						ProvisioningStyle = Automatic;
					};
				};
			};
			buildConfigurationList = CB35172E1EC5A5CD00156CE1 /* Build configuration list for PBXProject "EmojiDictionary" */;
			compatibilityVersion = "Xcode 3.2";
			developmentRegion = English;
			hasScannedForEncodings = 0;
			knownRegions = (
				en,
				Base,
			);
			mainGroup = CB35172A1EC5A5CD00156CE1;
			productRefGroup = CB3517341EC5A5CD00156CE1 /* Products */;
			projectDirPath = "";
			projectRoot = "";
			targets = (
				CB3517321EC5A5CD00156CE1 /* EmojiDictionary */,
			);
		};
/* End PBXProject section */

/* Begin PBXResourcesBuildPhase section */
		CB3517311EC5A5CD00156CE1 /* Resources */ = {
			isa = PBXResourcesBuildPhase;
			buildActionMask = 2147483647;
			files = (
				CB3517411EC5A5CD00156CE1 /* LaunchScreen.storyboard in Resources */,
				CB35173E1EC5A5CD00156CE1 /* Assets.xcassets in Resources */,
				CB11259E1EC6D09300D6DFA3 /* Podfile in Resources */,
				CB35173C1EC5A5CD00156CE1 /* Main.storyboard in Resources */,
			);
			runOnlyForDeploymentPostprocessing = 0;
		};
/* End PBXResourcesBuildPhase section */

/* Begin PBXSourcesBuildPhase section */
		CB35172F1EC5A5CD00156CE1 /* Sources */ = {
			isa = PBXSourcesBuildPhase;
			buildActionMask = 2147483647;
			files = (
				CB11259C1EC6C68800D6DFA3 /* DetailData.swift in Sources */,
				CB11259A1EC6BD8C00D6DFA3 /* DetailViewController.swift in Sources */,
				CB3517391EC5A5CD00156CE1 /* ViewController.swift in Sources */,
				CB3517371EC5A5CD00156CE1 /* AppDelegate.swift in Sources */,
			);
			runOnlyForDeploymentPostprocessing = 0;
		};
/* End PBXSourcesBuildPhase section */

/* Begin PBXVariantGroup section */
		CB35173A1EC5A5CD00156CE1 /* Main.storyboard */ = {
			isa = PBXVariantGroup;
			children = (
				CB35173B1EC5A5CD00156CE1 /* Base */,
			);
			name = Main.storyboard;
			sourceTree = "<group>";
		};
		CB35173F1EC5A5CD00156CE1 /* LaunchScreen.storyboard */ = {
			isa = PBXVariantGroup;
			children = (
				CB3517401EC5A5CD00156CE1 /* Base */,
			);
			name = LaunchScreen.storyboard;
			sourceTree = "<group>";
		};
/* End PBXVariantGroup section */

/* Begin XCBuildConfiguration section */
		CB3517431EC5A5CD00156CE1 /* Debug */ = {
			isa = XCBuildConfiguration;
			buildSettings = {
				ALWAYS_SEARCH_USER_PATHS = NO;
				CLANG_ANALYZER_NONNULL = YES;
				CLANG_ANALYZER_NUMBER_OBJECT_CONVERSION = YES_AGGRESSIVE;
				CLANG_CXX_LANGUAGE_STANDARD = "gnu++0x";
				CLANG_CXX_LIBRARY = "libc++";
				CLANG_ENABLE_MODULES = YES;
				CLANG_ENABLE_OBJC_ARC = YES;
				CLANG_WARN_BOOL_CONVERSION = YES;
				CLANG_WARN_CONSTANT_CONVERSION = YES;
				CLANG_WARN_DIRECT_OBJC_ISA_USAGE = YES_ERROR;
				CLANG_WARN_DOCUMENTATION_COMMENTS = YES;
				CLANG_WARN_EMPTY_BODY = YES;
				CLANG_WARN_ENUM_CONVERSION = YES;
				CLANG_WARN_INFINITE_RECURSION = YES;
				CLANG_WARN_INT_CONVERSION = YES;
				CLANG_WARN_OBJC_ROOT_CLASS = YES_ERROR;
				CLANG_WARN_SUSPICIOUS_MOVE = YES;
				CLANG_WARN_UNREACHABLE_CODE = YES;
				CLANG_WARN__DUPLICATE_METHOD_MATCH = YES;
				"CODE_SIGN_IDENTITY[sdk=iphoneos*]" = "iPhone Developer";
				COPY_PHASE_STRIP = NO;
				DEBUG_INFORMATION_FORMAT = dwarf;
				ENABLE_STRICT_OBJC_MSGSEND = YES;
				ENABLE_TESTABILITY = YES;
				GCC_C_LANGUAGE_STANDARD = gnu99;
				GCC_DYNAMIC_NO_PIC = NO;
				GCC_NO_COMMON_BLOCKS = YES;
				GCC_OPTIMIZATION_LEVEL = 0;
				GCC_PREPROCESSOR_DEFINITIONS = (
					"DEBUG=1",
					"$(inherited)",
				);
				GCC_WARN_64_TO_32_BIT_CONVERSION = YES;
				GCC_WARN_ABOUT_RETURN_TYPE = YES_ERROR;
				GCC_WARN_UNDECLARED_SELECTOR = YES;
				GCC_WARN_UNINITIALIZED_AUTOS = YES_AGGRESSIVE;
				GCC_WARN_UNUSED_FUNCTION = YES;
				GCC_WARN_UNUSED_VARIABLE = YES;
				IPHONEOS_DEPLOYMENT_TARGET = 10.3;
				MTL_ENABLE_DEBUG_INFO = YES;
				ONLY_ACTIVE_ARCH = YES;
				SDKROOT = iphoneos;
				SWIFT_ACTIVE_COMPILATION_CONDITIONS = DEBUG;
				SWIFT_OPTIMIZATION_LEVEL = "-Onone";
				TARGETED_DEVICE_FAMILY = "1,2";
			};
			name = Debug;
		};
		CB3517441EC5A5CD00156CE1 /* Release */ = {
			isa = XCBuildConfiguration;
			buildSettings = {
				ALWAYS_SEARCH_USER_PATHS = NO;
				CLANG_ANALYZER_NONNULL = YES;
				CLANG_ANALYZER_NUMBER_OBJECT_CONVERSION = YES_AGGRESSIVE;
				CLANG_CXX_LANGUAGE_STANDARD = "gnu++0x";
				CLANG_CXX_LIBRARY = "libc++";
				CLANG_ENABLE_MODULES = YES;
				CLANG_ENABLE_OBJC_ARC = YES;
				CLANG_WARN_BOOL_CONVERSION = YES;
				CLANG_WARN_CONSTANT_CONVERSION = YES;
				CLANG_WARN_DIRECT_OBJC_ISA_USAGE = YES_ERROR;
				CLANG_WARN_DOCUMENTATION_COMMENTS = YES;
				CLANG_WARN_EMPTY_BODY = YES;
				CLANG_WARN_ENUM_CONVERSION = YES;
				CLANG_WARN_INFINITE_RECURSION = YES;
				CLANG_WARN_INT_CONVERSION = YES;
				CLANG_WARN_OBJC_ROOT_CLASS = YES_ERROR;
				CLANG_WARN_SUSPICIOUS_MOVE = YES;
				CLANG_WARN_UNREACHABLE_CODE = YES;
				CLANG_WARN__DUPLICATE_METHOD_MATCH = YES;
				"CODE_SIGN_IDENTITY[sdk=iphoneos*]" = "iPhone Developer";
				COPY_PHASE_STRIP = NO;
				DEBUG_INFORMATION_FORMAT = "dwarf-with-dsym";
				ENABLE_NS_ASSERTIONS = NO;
				ENABLE_STRICT_OBJC_MSGSEND = YES;
				GCC_C_LANGUAGE_STANDARD = gnu99;
				GCC_NO_COMMON_BLOCKS = YES;
				GCC_WARN_64_TO_32_BIT_CONVERSION = YES;
				GCC_WARN_ABOUT_RETURN_TYPE = YES_ERROR;
				GCC_WARN_UNDECLARED_SELECTOR = YES;
				GCC_WARN_UNINITIALIZED_AUTOS = YES_AGGRESSIVE;
				GCC_WARN_UNUSED_FUNCTION = YES;
				GCC_WARN_UNUSED_VARIABLE = YES;
				IPHONEOS_DEPLOYMENT_TARGET = 10.3;
				MTL_ENABLE_DEBUG_INFO = NO;
				SDKROOT = iphoneos;
				SWIFT_OPTIMIZATION_LEVEL = "-Owholemodule";
				TARGETED_DEVICE_FAMILY = "1,2";
				VALIDATE_PRODUCT = YES;
			};
			name = Release;
		};
		CB3517461EC5A5CD00156CE1 /* Debug */ = {
			isa = XCBuildConfiguration;
			buildSettings = {
				ASSETCATALOG_COMPILER_APPICON_NAME = AppIcon;
				DEVELOPMENT_TEAM = 78VK42F68Q;
				INFOPLIST_FILE = EmojiDictionary/Info.plist;
				LD_RUNPATH_SEARCH_PATHS = "$(inherited) @executable_path/Frameworks";
				PRODUCT_BUNDLE_IDENTIFIER = net.webvariable.app;
				PRODUCT_NAME = "$(TARGET_NAME)";
				SWIFT_VERSION = 3.0;
			};
			name = Debug;
		};
		CB3517471EC5A5CD00156CE1 /* Release */ = {
			isa = XCBuildConfiguration;
			buildSettings = {
				ASSETCATALOG_COMPILER_APPICON_NAME = AppIcon;
				DEVELOPMENT_TEAM = 78VK42F68Q;
				INFOPLIST_FILE = EmojiDictionary/Info.plist;
				LD_RUNPATH_SEARCH_PATHS = "$(inherited) @executable_path/Frameworks";
				PRODUCT_BUNDLE_IDENTIFIER = net.webvariable.app;
				PRODUCT_NAME = "$(TARGET_NAME)";
				SWIFT_VERSION = 3.0;
			};
			name = Release;
		};
/* End XCBuildConfiguration section */

/* Begin XCConfigurationList section */
		CB35172E1EC5A5CD00156CE1 /* Build configuration list for PBXProject "EmojiDictionary" */ = {
			isa = XCConfigurationList;
			buildConfigurations = (
				CB3517431EC5A5CD00156CE1 /* Debug */,
				CB3517441EC5A5CD00156CE1 /* Release */,
			);
			defaultConfigurationIsVisible = 0;
			defaultConfigurationName = Release;
		};
		CB3517451EC5A5CD00156CE1 /* Build configuration list for PBXNativeTarget "EmojiDictionary" */ = {
			isa = XCConfigurationList;
			buildConfigurations = (
				CB3517461EC5A5CD00156CE1 /* Debug */,
				CB3517471EC5A5CD00156CE1 /* Release */,
			);
			defaultConfigurationIsVisible = 0;
			defaultConfigurationName = Release;
		};
/* End XCConfigurationList section */
	};
	rootObject = CB35172B1EC5A5CD00156CE1 /* Project object */;
}
